
Microsoft Visual Studio Solution File, Format Version 12.00
# Visual Studio 15
VisualStudioVersion = 15.0.28010.2016
MinimumVisualStudioVersion = 10.0.40219.1
Project("{FAE04EC0-301F-11D3-BF4B-00C04F79EFBC}") = "PRF.Utils.MetadataImage", "PRF.Utils.MetadataImage\PRF.Utils.MetadataImage.csproj", "{27F06FCB-54C2-4845-BD38-EB30EDAC105E}"
EndProject
Project("{FAE04EC0-301F-11D3-BF4B-00C04F79EFBC}") = "PRF.Utils.MetadataImage.UnitTests", "PRF.Utils.MetadataImage.UnitTests\PRF.Utils.MetadataImage.UnitTests.csproj", "{1ABFFFD9-A993-4759-8042-618EDC59D5E7}"
EndProject
Global
	GlobalSection(SolutionConfigurationPlatforms) = preSolution
		Debug|Any CPU = Debug|Any CPU
		Release|Any CPU = Release|Any CPU
	EndGlobalSection
	GlobalSection(ProjectConfigurationPlatforms) = postSolution
		{27F06FCB-54C2-4845-BD38-EB30EDAC105E}.Debug|Any CPU.ActiveCfg = Debug|Any CPU
		{27F06FCB-54C2-4845-BD38-EB30EDAC105E}.Debug|Any CPU.Build.0 = Debug|Any CPU
		{27F06FCB-54C2-4845-BD38-EB30EDAC105E}.Release|Any CPU.ActiveCfg = Release|Any CPU
		{27F06FCB-54C2-4845-BD38-EB30EDAC105E}.Release|Any CPU.Build.0 = Release|Any CPU
		{1ABFFFD9-A993-4759-8042-618EDC59D5E7}.Debug|Any CPU.ActiveCfg = Debug|Any CPU
		{1ABFFFD9-A993-4759-8042-618EDC59D5E7}.Debug|Any CPU.Build.0 = Debug|Any CPU
		{1ABFFFD9-A993-4759-8042-618EDC59D5E7}.Release|Any CPU.ActiveCfg = Release|Any CPU
		{1ABFFFD9-A993-4759-8042-618EDC59D5E7}.Release|Any CPU.Build.0 = Release|Any CPU
	EndGlobalSection
	GlobalSection(SolutionProperties) = preSolution
		HideSolutionNode = FALSE
	EndGlobalSection
	GlobalSection(ExtensibilityGlobals) = postSolution
		SolutionGuid = {F1E838DA-92B3-4F7D-A524-A81C4D3E395A}
	EndGlobalSection
EndGlobal
